
Microsoft Visual Studio Solution File, Format Version 12.00
# Visual Studio Version 17
VisualStudioVersion = 17.11.35222.181
MinimumVisualStudioVersion = 10.0.40219.1
Project("{FAE04EC0-301F-11D3-BF4B-00C04F79EFBC}") = "CleanCode&CodeStyle5", "CleanCode&CodeStyle5\CleanCode&CodeStyle5.csproj", "{D2A069D5-D882-4C7A-A1E3-F690FBFDFF90}"
EndProject
Global
	GlobalSection(SolutionConfigurationPlatforms) = preSolution
		Debug|Any CPU = Debug|Any CPU
		Release|Any CPU = Release|Any CPU
	EndGlobalSection
	GlobalSection(ProjectConfigurationPlatforms) = postSolution
		{D2A069D5-D882-4C7A-A1E3-F690FBFDFF90}.Debug|Any CPU.ActiveCfg = Debug|Any CPU
		{D2A069D5-D882-4C7A-A1E3-F690FBFDFF90}.Debug|Any CPU.Build.0 = Debug|Any CPU
		{D2A069D5-D882-4C7A-A1E3-F690FBFDFF90}.Release|Any CPU.ActiveCfg = Release|Any CPU
		{D2A069D5-D882-4C7A-A1E3-F690FBFDFF90}.Release|Any CPU.Build.0 = Release|Any CPU
	EndGlobalSection
	GlobalSection(SolutionProperties) = preSolution
		HideSolutionNode = FALSE
	EndGlobalSection
	GlobalSection(ExtensibilityGlobals) = postSolution
		SolutionGuid = {D216FA5C-76D4-4EE7-8D79-78DAFB37A707}
	EndGlobalSection
EndGlobal
